
Microsoft Visual Studio Solution File, Format Version 12.00
# Visual Studio Version 17
VisualStudioVersion = 17.8.34525.116
MinimumVisualStudioVersion = 10.0.40219.1
Project("{FAE04EC0-301F-11D3-BF4B-00C04F79EFBC}") = "FileApp.Android", "FileApp.Android\FileApp.Android.csproj", "{9CD86DB5-31B7-48AD-A472-C73B1C0E3D54}"
EndProject
Project("{FAE04EC0-301F-11D3-BF4B-00C04F79EFBC}") = "FileApp", "FileApp\FileApp.csproj", "{1B41DBB5-FEA2-4F6D-9BDF-9286645A6D4E}"
EndProject
Global
	GlobalSection(SolutionConfigurationPlatforms) = preSolution
		Debug|Any CPU = Debug|Any CPU
		Release|Any CPU = Release|Any CPU
	EndGlobalSection
	GlobalSection(ProjectConfigurationPlatforms) = postSolution
		{9CD86DB5-31B7-48AD-A472-C73B1C0E3D54}.Debug|Any CPU.ActiveCfg = Debug|Any CPU
		{9CD86DB5-31B7-48AD-A472-C73B1C0E3D54}.Debug|Any CPU.Build.0 = Debug|Any CPU
		{9CD86DB5-31B7-48AD-A472-C73B1C0E3D54}.Debug|Any CPU.Deploy.0 = Debug|Any CPU
		{9CD86DB5-31B7-48AD-A472-C73B1C0E3D54}.Release|Any CPU.ActiveCfg = Release|Any CPU
		{9CD86DB5-31B7-48AD-A472-C73B1C0E3D54}.Release|Any CPU.Build.0 = Release|Any CPU
		{9CD86DB5-31B7-48AD-A472-C73B1C0E3D54}.Release|Any CPU.Deploy.0 = Release|Any CPU
		{1B41DBB5-FEA2-4F6D-9BDF-9286645A6D4E}.Debug|Any CPU.ActiveCfg = Debug|Any CPU
		{1B41DBB5-FEA2-4F6D-9BDF-9286645A6D4E}.Debug|Any CPU.Build.0 = Debug|Any CPU
		{1B41DBB5-FEA2-4F6D-9BDF-9286645A6D4E}.Debug|Any CPU.Deploy.0 = Debug|Any CPU
		{1B41DBB5-FEA2-4F6D-9BDF-9286645A6D4E}.Release|Any CPU.ActiveCfg = Release|Any CPU
		{1B41DBB5-FEA2-4F6D-9BDF-9286645A6D4E}.Release|Any CPU.Build.0 = Release|Any CPU
		{1B41DBB5-FEA2-4F6D-9BDF-9286645A6D4E}.Release|Any CPU.Deploy.0 = Release|Any CPU
	EndGlobalSection
	GlobalSection(SolutionProperties) = preSolution
		HideSolutionNode = FALSE
	EndGlobalSection
	GlobalSection(ExtensibilityGlobals) = postSolution
		SolutionGuid = {6CA735AB-54BD-4E2D-A456-5888DFAABA30}
	EndGlobalSection
EndGlobal
